{
    "_meta": {
        "hash": {
            "sha256": "813bec196665888d6028dadcd8e5bda3108859c3f48aeeb32b9511eee45dd466"
        },
        "pipfile-spec": 6,
        "requires": {
            "python_version": "3.12"
        },
        "sources": [
            {
                "name": "pypi",
                "url": "https://pypi.org/simple",
                "verify_ssl": true
            }
        ]
    },
    "default": {
        "vtracer": {
            "hashes": [
                "sha256:03cd974619657b2b5614d1936be5b59ebfdbc9f611e4c939c9a7c84712314df3",
                "sha256:0969450d45ac8d6711bf7c6eb8bab36d5570f623e22d03f11c259232b7ff5444",
                "sha256:0b72a08e6701194bbb38aae959527ec513a155a3c3a90675e2b27bb00ff55c5c",
                "sha256:0dd57915987a5c62d78ba17cf620a27a8297983d481675313328f75f59ff1840",
                "sha256:0e450ff70a7a8414de0a12dfc1df953c711c04d6f0737f16fb5586c1e8507800",
                "sha256:1062b8f8978b336bd1ce3f4ad2bfcb1438e7896a17a0e5564dff229359e4cac6",
                "sha256:118c996d98233af2af51f04d01675a173e8b36d0e74e23ad7d327a407c29b732",
                "sha256:14f00d0ea32d4753c1294fb0619834850f70106d121218be5e61de69827d5f08",
                "sha256:1644d2f7942a27109bc8ca4de8116fc4234135ecea20ef8e0350ddd4cbbf9972",
                "sha256:1b5a66cba5ba96bd0898161bc78893bbcbc87b5bb87a2be9ea9389b71a86eb87",
                "sha256:1cba70952fda455507855fe252a901199cf709006809b5f58afd2bc4d2b08af4",
                "sha256:1e83ee2f9c740ad25560a13de7e24f0f395f5d71ebb1cccf63d0db8083eff576",
                "sha256:1f0734431a3e32ea37845b88b9f07a9bde045de9fe18a34bca4d91bececee6f2",
                "sha256:1f804d3b4f23b512a5bcf687944e1eb7a38069e0b2bec4edf4ae9810a13d5953",
                "sha256:224f288e8f9c5d9e95bfd35aeaecc90c4ae4ea60c15d3106083e4c603ea23371",
                "sha256:23911ee68ecb36acad3bd1f46bfbb4c8e33ed527937f0b1a3ab9e047e422783d",
                "sha256:2754a02f4edfb707e097169ebdfb5fc23fbb8d18a10b28ba0eaf5438b0075a00",
                "sha256:29a25162f04607f63fb85807e155c196451e04c69b57205adc03f4350b0cd53a",
                "sha256:2c7c94a9173adf3a351cca4ceefc1d95df5fb926d9fa61c24760dd0d911cf56b",
                "sha256:3229dd4f32d316d4fad14a6671583e57d0c7eec604bf6f91a8765c8fc7cc6610",
                "sha256:35761bf24eeb6e1d45f1899bfda47c60376b2a13ca6bd981a960bbd904ed5937",
                "sha256:407e147362366e14e2666155bf328814bdc345899a6cce18a7729724ff25c01e",
                "sha256:47d03ff1a587630f9377c9fa0b1e264d7c30e84605f10c7e9021f587776d1132",
                "sha256:498553f1cd7bb5daa405da30ebd121951fb3b768372688874ba293510309ca98",
                "sha256:4ac53a37dd1729f16ed64feae4f40b8dae1cf61dfe0d6bf26e9d399d48a25250",
                "sha256:4c440ef50b0cc066acbf5abe567c92514e8dfbc3242b01ce99ae883839dfecb8",
                "sha256:5187358e32a535160ca107c023002cdc0d2e92568b93b0129f00d910f3f30513",
                "sha256:52b1152dac4274736318fb57d6a4ab2879cd912fe98caf2f8a592c5d5ed901d1",
                "sha256:542cc9b03372d4802245077b523c8ea338b1bc2d17b92695ace12a82a4d28d3c",
                "sha256:5a445ca67a2851c5e1250fea6eec89a14a72f61df4462c935b7634941da5a87f",
                "sha256:5eb28a6f3de3f4a65d81a0cd60afe3ffa0ed65480f5f06ba18be4019aae255d5",
                "sha256:5f2174a6f2da741672f3322daf0d59fc24705632a5c4ecb633cb74d5cf1c0c16",
                "sha256:609cb9ea17e060a9af4ac476a5251df4be83b70e512480952cb5b931a486914a",
                "sha256:62f752f5e6d46a334e064368ff47b72550c4f460aad7ff2ede1f790ba6f65b33",
                "sha256:63ae0ec7ba3db067b5e9979aa05219e79dc181b9013d2cdc4fea4dfb22818eb9",
                "sha256:64733282d1736c4e7849b875865f1a3f3e0c637e584dd17a47691b747392e235",
                "sha256:64fd2f812d9ee27c695e0d773840d30c06f1b240d305bdbf9ca172d9a06d9632",
                "sha256:650dad7cc650fa607b762476865cb8f76314f15c9197c93789885ab964f3b90c",
                "sha256:67e17c5ac4cfa697c8686e563db84e027b9fb1c8b06b797285f58abd6e147eff",
                "sha256:6a47ed4d19834fc7e9e5387f85c160895552cb81a3eb4171e2087dc9e4841551",
                "sha256:760ecdd42da9005f11a3025ef5d50bdd801e04e5af88089c95d4aa1fd6192e44",
                "sha256:7ed4dfe82fc8113aa3a7ea082f178a357c4efdd21532553f6c27bde0d06260b1",
                "sha256:7f35ce0a554880350accfdc612e08da76eb8e190af475548cb7d7decb8062150",
                "sha256:80e263c67263a9b7af3a4b78d8b49c33f223e8017fc937b64f224ce3c632d1bb",
                "sha256:826cb577a6815dadb53215b3cb3791daead78e155d437bdc4780f412fa0e171c",
                "sha256:82920d1c4afe0c3c7ad075bbe63b2b3e3e4884c98f1773f078630947a88e0718",
                "sha256:82e114b038360d11c6d85818c8aa845f7c2f019b79f1bc0047bd1e2ab0f90096",
                "sha256:887f4b1f668a98d5b9756b6ca37170fe497e2078532cd356b4c79a4e1a1d8f12",
                "sha256:88d7bfd3f2605fe62d97ff24de6a16c31bdc0d191fc2a7ed8bc3c0fe04d8c7f0",
                "sha256:91d4d681b8b7d1a5a68e010c44a9c80fb2c1afb7e957e3f35b1cb7469ac224f4",
                "sha256:9339cd3d96377c557204b0e10e7538e51931b0ad30739545deee587a55753e2a",
                "sha256:93c07a5c3456648708f688664334fe6e66b5cd897c8ddad7d2442700056de6a5",
                "sha256:9414748c8877ea38f5a6d5942ad994185d9c13761f85316620c97cd53bc8d197",
                "sha256:943239b04dbaf0bcf0f9c52e2d499091aab7feb28bb12ae20855feb54f909a8d",
                "sha256:96c1c4307d76c96d76fa287caac3f98826b29b8cde017a825864aa1502c05440",
                "sha256:979dac594344ea707fb5134c86e0d6080114c2d52e62c0910d058818b12d8da4",
                "sha256:9823a2c383023034dea741da6f2dc3da230458047518259280229e7da1514199",
                "sha256:9868a771c264a4895ea61d86b7445754b896be3b3f287d56331de0ea0a6ed4f6",
                "sha256:9b0148e7a5ace6288bc8d6e8ccd172996bab0357d9d52e3ec22ed1893d71ed1c",
                "sha256:9e15d9e0de17573036e01c223d5488cb94bfb09d9f835ac2b480b6194d3d022c",
                "sha256:9eaffb399d023d1ea5fb8ae5faf0e6248692a7c34d1e3bed04e50f307b242158",
                "sha256:a15b28da034245337dd1a9f53a0883f98105e86ffc35be548ef897edee75af1e",
                "sha256:a2d4c1295e5fdb1c857f0b9f0eedb706550b0531f0cedae07df1b45bc2509a60",
                "sha256:b44012fdfd54a78edae8139c2a31fcfd2b8699ef07830f756f2d3cb86ca8dcb6",
                "sha256:bca8d8f1c92184abcc6ec76b2f06c75f4172f05812794efe8ec4eff057435bff",
                "sha256:be040bb7d32916ffeaa17f09853d27134fdcb0708ab0205d07b412cd9f8ccd44",
                "sha256:be93615d159947e050cfd26e89a0916c8e3674c2ab2ef1c87ce31579a0900eca",
                "sha256:c6139e35e501a39a6065217ddb085296be4ec4d910978a739eb91c4d85f00a03",
                "sha256:c913a7c63ae9309044c0e768978aba0e032b2000e9b67fd3fb2ae0a5bb88a72d",
                "sha256:cc0ec2d33fc8388450e4f4bc116db9941f06e7c11ae5ad20d8441980422b34c2",
                "sha256:db1c4b04bbeab83a2a442f6a88bdf247184b79e0e9c05b076b162b70c5cd1ead",
                "sha256:e48a726e0f1b1d80d8d199e17ae3f95c048b5907f764134e257a79e543e30278",
                "sha256:e6911c1c638676de1319e18b354d678dcae51a8fd6ec443737f005320028b13d",
                "sha256:e6a67492f103e85540e52b09c6cc947819a8630083696fdea5be466e812ae519",
                "sha256:ea65c0a6cd06df28e1d5e4c58e60c3dfae3241ce75b628b5256dded636781ff0",
                "sha256:efec6250df8a4e27a8c9d8e101093726b3de4d65a7df1f426c813974dbc19960",
                "sha256:f06faec6ab9e624613e0a43dafb0704209e6cb96338602294d774e7b56c685fb",
                "sha256:f374051dc97578968f5d78d985d2ded36f8934389b808f9c0e3fa4c56d4e6fd5",
                "sha256:fa8f6391d6572c5a55c7865d613a1774cbe88581080045984993fd2021e1608b"
            ],
            "index": "pypi",
            "markers": "python_version >= '3.7'",
            "version": "==0.6.11"
        }
    },
    "develop": {}
}
